
Microsoft Visual Studio Solution File, Format Version 12.00
# Visual Studio 15
VisualStudioVersion = 15.0.28010.2036
MinimumVisualStudioVersion = 10.0.40219.1
Project("{FAE04EC0-301F-11D3-BF4B-00C04F79EFBC}") = "HistoricBattles", "HistoricBattles\HistoricBattles.csproj", "{F3C51C41-3D28-4E76-9DA8-4DA5C0EF1260}"
EndProject
Global
	GlobalSection(SolutionConfigurationPlatforms) = preSolution
		Debug|Any CPU = Debug|Any CPU
		Release|Any CPU = Release|Any CPU
	EndGlobalSection
	GlobalSection(ProjectConfigurationPlatforms) = postSolution
		{F3C51C41-3D28-4E76-9DA8-4DA5C0EF1260}.Debug|Any CPU.ActiveCfg = Debug|Any CPU
		{F3C51C41-3D28-4E76-9DA8-4DA5C0EF1260}.Debug|Any CPU.Build.0 = Debug|Any CPU
		{F3C51C41-3D28-4E76-9DA8-4DA5C0EF1260}.Release|Any CPU.ActiveCfg = Release|Any CPU
		{F3C51C41-3D28-4E76-9DA8-4DA5C0EF1260}.Release|Any CPU.Build.0 = Release|Any CPU
	EndGlobalSection
	GlobalSection(SolutionProperties) = preSolution
		HideSolutionNode = FALSE
	EndGlobalSection
	GlobalSection(ExtensibilityGlobals) = postSolution
		SolutionGuid = {C101DE8E-735D-481D-A146-A4BFB04DEE9B}
	EndGlobalSection
EndGlobal
